
Microsoft Visual Studio Solution File, Format Version 12.00
# Visual Studio Version 17
VisualStudioVersion = 17.11.35327.3
MinimumVisualStudioVersion = 10.0.40219.1
Project("{FAE04EC0-301F-11D3-BF4B-00C04F79EFBC}") = "Linq1", "Linq1\Linq1.csproj", "{D4B6661D-E48B-47CB-8D1C-2B34346E114D}"
EndProject
Global
	GlobalSection(SolutionConfigurationPlatforms) = preSolution
		Debug|Any CPU = Debug|Any CPU
		Release|Any CPU = Release|Any CPU
	EndGlobalSection
	GlobalSection(ProjectConfigurationPlatforms) = postSolution
		{D4B6661D-E48B-47CB-8D1C-2B34346E114D}.Debug|Any CPU.ActiveCfg = Debug|Any CPU
		{D4B6661D-E48B-47CB-8D1C-2B34346E114D}.Debug|Any CPU.Build.0 = Debug|Any CPU
		{D4B6661D-E48B-47CB-8D1C-2B34346E114D}.Release|Any CPU.ActiveCfg = Release|Any CPU
		{D4B6661D-E48B-47CB-8D1C-2B34346E114D}.Release|Any CPU.Build.0 = Release|Any CPU
	EndGlobalSection
	GlobalSection(SolutionProperties) = preSolution
		HideSolutionNode = FALSE
	EndGlobalSection
	GlobalSection(ExtensibilityGlobals) = postSolution
		SolutionGuid = {81A383DB-6020-44E4-9928-3415DC5B0734}
	EndGlobalSection
EndGlobal
